
Microsoft Visual Studio Solution File, Format Version 12.00
# Visual Studio Version 16
VisualStudioVersion = 16.0.32929.386
MinimumVisualStudioVersion = 10.0.40219.1
Project("{FAE04EC0-301F-11D3-BF4B-00C04F79EFBC}") = "ИтоговоеЗадание3", "ИтоговоеЗадание3\ИтоговоеЗадание3.csproj", "{8574AD43-6EB8-4D9C-AC87-EF99789ABCEF}"
EndProject
Project("{FAE04EC0-301F-11D3-BF4B-00C04F79EFBC}") = "InspectorLib", "InspectorLib\InspectorLib.csproj", "{7FFAB3DE-7B61-4FD9-B25A-31C1F4C1180B}"
EndProject
Global
	GlobalSection(SolutionConfigurationPlatforms) = preSolution
		Debug|Any CPU = Debug|Any CPU
		Release|Any CPU = Release|Any CPU
	EndGlobalSection
	GlobalSection(ProjectConfigurationPlatforms) = postSolution
		{8574AD43-6EB8-4D9C-AC87-EF99789ABCEF}.Debug|Any CPU.ActiveCfg = Debug|Any CPU
		{8574AD43-6EB8-4D9C-AC87-EF99789ABCEF}.Debug|Any CPU.Build.0 = Debug|Any CPU
		{8574AD43-6EB8-4D9C-AC87-EF99789ABCEF}.Release|Any CPU.ActiveCfg = Release|Any CPU
		{8574AD43-6EB8-4D9C-AC87-EF99789ABCEF}.Release|Any CPU.Build.0 = Release|Any CPU
		{7FFAB3DE-7B61-4FD9-B25A-31C1F4C1180B}.Debug|Any CPU.ActiveCfg = Debug|Any CPU
		{7FFAB3DE-7B61-4FD9-B25A-31C1F4C1180B}.Debug|Any CPU.Build.0 = Debug|Any CPU
		{7FFAB3DE-7B61-4FD9-B25A-31C1F4C1180B}.Release|Any CPU.ActiveCfg = Release|Any CPU
		{7FFAB3DE-7B61-4FD9-B25A-31C1F4C1180B}.Release|Any CPU.Build.0 = Release|Any CPU
	EndGlobalSection
	GlobalSection(SolutionProperties) = preSolution
		HideSolutionNode = FALSE
	EndGlobalSection
	GlobalSection(ExtensibilityGlobals) = postSolution
		SolutionGuid = {EFC85794-3D39-47AF-AAC0-B2D4CCC47B68}
	EndGlobalSection
EndGlobal
